Microsoft Visual Studio Solution File, Format Version 11.00
# Visual Studio 2008

Project("{F63A8F73-7779-04B4-8869-5EE06C3E0448}") = "001helloworld", "Assembly-CSharp.csproj", "{A2F97415-2415-A66E-7342-2769990992F1}"
EndProject
Global
	GlobalSection(SolutionConfigurationPlatforms) = preSolution
		Debug|Any CPU = Debug|Any CPU
		Release|Any CPU = Release|Any CPU
	EndGlobalSection
	GlobalSection(ProjectConfigurationPlatforms) = postSolution
		{A2F97415-2415-A66E-7342-2769990992F1}.Debug|Any CPU.ActiveCfg = Debug|Any CPU
		{A2F97415-2415-A66E-7342-2769990992F1}.Debug|Any CPU.Build.0 = Debug|Any CPU
		{A2F97415-2415-A66E-7342-2769990992F1}.Release|Any CPU.ActiveCfg = Release|Any CPU
		{A2F97415-2415-A66E-7342-2769990992F1}.Release|Any CPU.Build.0 = Release|Any CPU
	EndGlobalSection
	GlobalSection(SolutionProperties) = preSolution
		HideSolutionNode = FALSE
	EndGlobalSection
	GlobalSection(MonoDevelopProperties) = preSolution
		StartupItem = Assembly-CSharp.csproj
	EndGlobalSection
EndGlobal
